
Microsoft Visual Studio Solution File, Format Version 12.00
# Visual Studio Version 17
VisualStudioVersion = 17.2.32630.192
MinimumVisualStudioVersion = 10.0.40219.1
Project("{FAE04EC0-301F-11D3-BF4B-00C04F79EFBC}") = "OOP2", "OOP2\OOP2.csproj", "{A5D1E1A5-97DB-4BE8-BC47-5290065D2728}"
EndProject
Global
	GlobalSection(SolutionConfigurationPlatforms) = preSolution
		Debug|Any CPU = Debug|Any CPU
		Release|Any CPU = Release|Any CPU
	EndGlobalSection
	GlobalSection(ProjectConfigurationPlatforms) = postSolution
		{A5D1E1A5-97DB-4BE8-BC47-5290065D2728}.Debug|Any CPU.ActiveCfg = Debug|Any CPU
		{A5D1E1A5-97DB-4BE8-BC47-5290065D2728}.Debug|Any CPU.Build.0 = Debug|Any CPU
		{A5D1E1A5-97DB-4BE8-BC47-5290065D2728}.Release|Any CPU.ActiveCfg = Release|Any CPU
		{A5D1E1A5-97DB-4BE8-BC47-5290065D2728}.Release|Any CPU.Build.0 = Release|Any CPU
	EndGlobalSection
	GlobalSection(SolutionProperties) = preSolution
		HideSolutionNode = FALSE
	EndGlobalSection
	GlobalSection(ExtensibilityGlobals) = postSolution
		SolutionGuid = {72B1F955-FB3B-4D2D-BC77-B9E744D962E6}
	EndGlobalSection
EndGlobal
