
Microsoft Visual Studio Solution File, Format Version 12.00
# Visual Studio Version 17
VisualStudioVersion = 17.2.32630.192
MinimumVisualStudioVersion = 10.0.40219.1
Project("{FAE04EC0-301F-11D3-BF4B-00C04F79EFBC}") = "Bai6.2", "Bai6.2\Bai6.2.csproj", "{C845E6AC-9039-4730-89CC-D65F850DDDDB}"
EndProject
Global
	GlobalSection(SolutionConfigurationPlatforms) = preSolution
		Debug|Any CPU = Debug|Any CPU
		Release|Any CPU = Release|Any CPU
	EndGlobalSection
	GlobalSection(ProjectConfigurationPlatforms) = postSolution
		{C845E6AC-9039-4730-89CC-D65F850DDDDB}.Debug|Any CPU.ActiveCfg = Debug|Any CPU
		{C845E6AC-9039-4730-89CC-D65F850DDDDB}.Debug|Any CPU.Build.0 = Debug|Any CPU
		{C845E6AC-9039-4730-89CC-D65F850DDDDB}.Release|Any CPU.ActiveCfg = Release|Any CPU
		{C845E6AC-9039-4730-89CC-D65F850DDDDB}.Release|Any CPU.Build.0 = Release|Any CPU
	EndGlobalSection
	GlobalSection(SolutionProperties) = preSolution
		HideSolutionNode = FALSE
	EndGlobalSection
	GlobalSection(ExtensibilityGlobals) = postSolution
		SolutionGuid = {E32F2AE2-435D-4ABD-B939-F560EBABC969}
	EndGlobalSection
EndGlobal
