
Microsoft Visual Studio Solution File, Format Version 12.00
# Visual Studio Version 17
VisualStudioVersion = 17.2.32630.192
MinimumVisualStudioVersion = 10.0.40219.1
Project("{9A19103F-16F7-4668-BE54-9A1E7A4F7556}") = "Bai5", "Bai5\Bai5.csproj", "{56FC4630-5B00-4B1D-AE19-9644E7E9CDA3}"
EndProject
Project("{FAE04EC0-301F-11D3-BF4B-00C04F79EFBC}") = "TimUSCLN", "TimUSCLN\TimUSCLN.csproj", "{A7692A07-657D-4037-BE13-34AC5BE55938}"
EndProject
Global
	GlobalSection(SolutionConfigurationPlatforms) = preSolution
		Debug|Any CPU = Debug|Any CPU
		Release|Any CPU = Release|Any CPU
	EndGlobalSection
	GlobalSection(ProjectConfigurationPlatforms) = postSolution
		{56FC4630-5B00-4B1D-AE19-9644E7E9CDA3}.Debug|Any CPU.ActiveCfg = Debug|Any CPU
		{56FC4630-5B00-4B1D-AE19-9644E7E9CDA3}.Debug|Any CPU.Build.0 = Debug|Any CPU
		{56FC4630-5B00-4B1D-AE19-9644E7E9CDA3}.Release|Any CPU.ActiveCfg = Release|Any CPU
		{56FC4630-5B00-4B1D-AE19-9644E7E9CDA3}.Release|Any CPU.Build.0 = Release|Any CPU
		{A7692A07-657D-4037-BE13-34AC5BE55938}.Debug|Any CPU.ActiveCfg = Debug|Any CPU
		{A7692A07-657D-4037-BE13-34AC5BE55938}.Debug|Any CPU.Build.0 = Debug|Any CPU
		{A7692A07-657D-4037-BE13-34AC5BE55938}.Release|Any CPU.ActiveCfg = Release|Any CPU
		{A7692A07-657D-4037-BE13-34AC5BE55938}.Release|Any CPU.Build.0 = Release|Any CPU
	EndGlobalSection
	GlobalSection(SolutionProperties) = preSolution
		HideSolutionNode = FALSE
	EndGlobalSection
	GlobalSection(ExtensibilityGlobals) = postSolution
		SolutionGuid = {559A903B-5744-4C19-9076-C484BEB20A77}
	EndGlobalSection
EndGlobal
