
Microsoft Visual Studio Solution File, Format Version 12.00
# Visual Studio Version 17
VisualStudioVersion = 17.2.32630.192
MinimumVisualStudioVersion = 10.0.40219.1
Project("{FAE04EC0-301F-11D3-BF4B-00C04F79EFBC}") = "Bai6.1", "Bai6.1\Bai6.1.csproj", "{C985FB31-91EE-4A94-BC5F-8272521B81AF}"
EndProject
Global
	GlobalSection(SolutionConfigurationPlatforms) = preSolution
		Debug|Any CPU = Debug|Any CPU
		Release|Any CPU = Release|Any CPU
	EndGlobalSection
	GlobalSection(ProjectConfigurationPlatforms) = postSolution
		{C985FB31-91EE-4A94-BC5F-8272521B81AF}.Debug|Any CPU.ActiveCfg = Debug|Any CPU
		{C985FB31-91EE-4A94-BC5F-8272521B81AF}.Debug|Any CPU.Build.0 = Debug|Any CPU
		{C985FB31-91EE-4A94-BC5F-8272521B81AF}.Release|Any CPU.ActiveCfg = Release|Any CPU
		{C985FB31-91EE-4A94-BC5F-8272521B81AF}.Release|Any CPU.Build.0 = Release|Any CPU
	EndGlobalSection
	GlobalSection(SolutionProperties) = preSolution
		HideSolutionNode = FALSE
	EndGlobalSection
	GlobalSection(ExtensibilityGlobals) = postSolution
		SolutionGuid = {04E32947-1AAE-4FE6-BB80-C8E782701C99}
	EndGlobalSection
EndGlobal
