
Microsoft Visual Studio Solution File, Format Version 12.00
# Visual Studio Version 17
VisualStudioVersion = 17.2.32630.192
MinimumVisualStudioVersion = 10.0.40219.1
Project("{FAE04EC0-301F-11D3-BF4B-00C04F79EFBC}") = "DemoEFCore", "DemoEFCore\DemoEFCore.csproj", "{02EFF6D2-6F46-49F6-9C1C-CB4E54FA457A}"
EndProject
Global
	GlobalSection(SolutionConfigurationPlatforms) = preSolution
		Debug|Any CPU = Debug|Any CPU
		Release|Any CPU = Release|Any CPU
	EndGlobalSection
	GlobalSection(ProjectConfigurationPlatforms) = postSolution
		{02EFF6D2-6F46-49F6-9C1C-CB4E54FA457A}.Debug|Any CPU.ActiveCfg = Debug|Any CPU
		{02EFF6D2-6F46-49F6-9C1C-CB4E54FA457A}.Debug|Any CPU.Build.0 = Debug|Any CPU
		{02EFF6D2-6F46-49F6-9C1C-CB4E54FA457A}.Release|Any CPU.ActiveCfg = Release|Any CPU
		{02EFF6D2-6F46-49F6-9C1C-CB4E54FA457A}.Release|Any CPU.Build.0 = Release|Any CPU
	EndGlobalSection
	GlobalSection(SolutionProperties) = preSolution
		HideSolutionNode = FALSE
	EndGlobalSection
	GlobalSection(ExtensibilityGlobals) = postSolution
		SolutionGuid = {4892B286-36CF-4B80-92A0-682237E305B3}
	EndGlobalSection
EndGlobal
